
Microsoft Visual Studio Solution File, Format Version 12.00
# Visual Studio Version 17
VisualStudioVersion = 17.14.36202.13 d17.14
MinimumVisualStudioVersion = 10.0.40219.1
Project("{FAE04EC0-301F-11D3-BF4B-00C04F79EFBC}") = "Controller", "Controller\Controller.csproj", "{71B248FD-C921-4F4A-A6F6-5A65E4776A9A}"
EndProject
Project("{FAE04EC0-301F-11D3-BF4B-00C04F79EFBC}") = "DAL", "DAL\DAL.csproj", "{2A45C77B-AB22-431A-8E87-9368292E9720}"
EndProject
Project("{FAE04EC0-301F-11D3-BF4B-00C04F79EFBC}") = "BLL", "BLL\BLL.csproj", "{BD814206-7EB5-49F1-A7FD-F887E1A79C54}"
EndProject
Project("{FAE04EC0-301F-11D3-BF4B-00C04F79EFBC}") = "Applications", "Applications\Applications.csproj", "{48026AA3-EA31-4D88-8546-25CF9EF14D89}"
EndProject
Global
	GlobalSection(SolutionConfigurationPlatforms) = preSolution
		Debug|Any CPU = Debug|Any CPU
		Release|Any CPU = Release|Any CPU
	EndGlobalSection
	GlobalSection(ProjectConfigurationPlatforms) = postSolution
		{71B248FD-C921-4F4A-A6F6-5A65E4776A9A}.Debug|Any CPU.ActiveCfg = Debug|Any CPU
		{71B248FD-C921-4F4A-A6F6-5A65E4776A9A}.Debug|Any CPU.Build.0 = Debug|Any CPU
		{71B248FD-C921-4F4A-A6F6-5A65E4776A9A}.Release|Any CPU.ActiveCfg = Release|Any CPU
		{71B248FD-C921-4F4A-A6F6-5A65E4776A9A}.Release|Any CPU.Build.0 = Release|Any CPU
		{2A45C77B-AB22-431A-8E87-9368292E9720}.Debug|Any CPU.ActiveCfg = Debug|Any CPU
		{2A45C77B-AB22-431A-8E87-9368292E9720}.Debug|Any CPU.Build.0 = Debug|Any CPU
		{2A45C77B-AB22-431A-8E87-9368292E9720}.Release|Any CPU.ActiveCfg = Release|Any CPU
		{2A45C77B-AB22-431A-8E87-9368292E9720}.Release|Any CPU.Build.0 = Release|Any CPU
		{BD814206-7EB5-49F1-A7FD-F887E1A79C54}.Debug|Any CPU.ActiveCfg = Debug|Any CPU
		{BD814206-7EB5-49F1-A7FD-F887E1A79C54}.Debug|Any CPU.Build.0 = Debug|Any CPU
		{BD814206-7EB5-49F1-A7FD-F887E1A79C54}.Release|Any CPU.ActiveCfg = Release|Any CPU
		{BD814206-7EB5-49F1-A7FD-F887E1A79C54}.Release|Any CPU.Build.0 = Release|Any CPU
		{48026AA3-EA31-4D88-8546-25CF9EF14D89}.Debug|Any CPU.ActiveCfg = Debug|Any CPU
		{48026AA3-EA31-4D88-8546-25CF9EF14D89}.Debug|Any CPU.Build.0 = Debug|Any CPU
		{48026AA3-EA31-4D88-8546-25CF9EF14D89}.Release|Any CPU.ActiveCfg = Release|Any CPU
		{48026AA3-EA31-4D88-8546-25CF9EF14D89}.Release|Any CPU.Build.0 = Release|Any CPU
	EndGlobalSection
	GlobalSection(SolutionProperties) = preSolution
		HideSolutionNode = FALSE
	EndGlobalSection
	GlobalSection(ExtensibilityGlobals) = postSolution
		SolutionGuid = {AA754059-E4A5-4612-8271-FB3BB73E6FD4}
	EndGlobalSection
EndGlobal
